
Microsoft Visual Studio Solution File, Format Version 12.00
# Visual Studio Version 17
VisualStudioVersion = 17.14.36221.1 d17.14
MinimumVisualStudioVersion = 10.0.40219.1
Project("{FAE04EC0-301F-11D3-BF4B-00C04F79EFBC}") = "ConsoleApp1", "ConsoleApp1.csproj", "{0DF7F87E-5D6D-4A01-B7B8-3FEACBA45DAD}"
EndProject
Global
	GlobalSection(SolutionConfigurationPlatforms) = preSolution
		Debug|Any CPU = Debug|Any CPU
		Release|Any CPU = Release|Any CPU
	EndGlobalSection
	GlobalSection(ProjectConfigurationPlatforms) = postSolution
		{0DF7F87E-5D6D-4A01-B7B8-3FEACBA45DAD}.Debug|Any CPU.ActiveCfg = Debug|Any CPU
		{0DF7F87E-5D6D-4A01-B7B8-3FEACBA45DAD}.Debug|Any CPU.Build.0 = Debug|Any CPU
		{0DF7F87E-5D6D-4A01-B7B8-3FEACBA45DAD}.Release|Any CPU.ActiveCfg = Release|Any CPU
		{0DF7F87E-5D6D-4A01-B7B8-3FEACBA45DAD}.Release|Any CPU.Build.0 = Release|Any CPU
	EndGlobalSection
	GlobalSection(SolutionProperties) = preSolution
		HideSolutionNode = FALSE
	EndGlobalSection
	GlobalSection(ExtensibilityGlobals) = postSolution
		SolutionGuid = {F4C0B2DE-BF7E-4E06-8F4D-7DD41D33213B}
	EndGlobalSection
EndGlobal
